
Microsoft Visual Studio Solution File, Format Version 12.00
# Visual Studio Version 17
VisualStudioVersion = 17.6.33815.320
MinimumVisualStudioVersion = 10.0.40219.1
Project("{FAE04EC0-301F-11D3-BF4B-00C04F79EFBC}") = "WpfApp1", "WpfApp1\WpfApp1.csproj", "{A672FC8E-9A3F-4D55-8769-A149429E3B03}"
EndProject
Global
	GlobalSection(SolutionConfigurationPlatforms) = preSolution
		Debug|Any CPU = Debug|Any CPU
		Release|Any CPU = Release|Any CPU
	EndGlobalSection
	GlobalSection(ProjectConfigurationPlatforms) = postSolution
		{A672FC8E-9A3F-4D55-8769-A149429E3B03}.Debug|Any CPU.ActiveCfg = Debug|Any CPU
		{A672FC8E-9A3F-4D55-8769-A149429E3B03}.Debug|Any CPU.Build.0 = Debug|Any CPU
		{A672FC8E-9A3F-4D55-8769-A149429E3B03}.Release|Any CPU.ActiveCfg = Release|Any CPU
		{A672FC8E-9A3F-4D55-8769-A149429E3B03}.Release|Any CPU.Build.0 = Release|Any CPU
	EndGlobalSection
	GlobalSection(SolutionProperties) = preSolution
		HideSolutionNode = FALSE
	EndGlobalSection
	GlobalSection(ExtensibilityGlobals) = postSolution
		SolutionGuid = {E9F099E6-AFE2-4509-B311-18C226F1F226}
	EndGlobalSection
EndGlobal
